
Microsoft Visual Studio Solution File, Format Version 12.00
# Visual Studio Express 2012 for Windows Desktop
Project("{FAE04EC0-301F-11D3-BF4B-00C04F79EFBC}") = "LibraryVideo", "LibraryVideo\LibraryVideo.csproj", "{AABDB1A7-12FD-4487-BAFF-58D4BE15CBD0}"
EndProject
Global
	GlobalSection(SolutionConfigurationPlatforms) = preSolution
		Debug|Any CPU = Debug|Any CPU
		Release|Any CPU = Release|Any CPU
	EndGlobalSection
	GlobalSection(ProjectConfigurationPlatforms) = postSolution
		{AABDB1A7-12FD-4487-BAFF-58D4BE15CBD0}.Debug|Any CPU.ActiveCfg = Debug|Any CPU
		{AABDB1A7-12FD-4487-BAFF-58D4BE15CBD0}.Debug|Any CPU.Build.0 = Debug|Any CPU
		{AABDB1A7-12FD-4487-BAFF-58D4BE15CBD0}.Release|Any CPU.ActiveCfg = Release|Any CPU
		{AABDB1A7-12FD-4487-BAFF-58D4BE15CBD0}.Release|Any CPU.Build.0 = Release|Any CPU
	EndGlobalSection
	GlobalSection(SolutionProperties) = preSolution
		HideSolutionNode = FALSE
	EndGlobalSection
EndGlobal
